
Microsoft Visual Studio Solution File, Format Version 12.00
# Visual Studio Version 16
VisualStudioVersion = 16.0.31112.23
MinimumVisualStudioVersion = 10.0.40219.1
Project("{FAE04EC0-301F-11D3-BF4B-00C04F79EFBC}") = "SoftServe.TriangleSort", "SoftServe.TriangleSort\SoftServe.TriangleSort.csproj", "{F23CDBDE-295D-4447-8114-55005BF0E6CF}"
EndProject
Project("{FAE04EC0-301F-11D3-BF4B-00C04F79EFBC}") = "SoftServe.TriangleSortView", "SoftServe.TriangleSortView\SoftServe.TriangleSortView.csproj", "{A10ACC2C-7A6C-4FDD-9A4C-DD8C3889B0F7}"
EndProject
Global
	GlobalSection(SolutionConfigurationPlatforms) = preSolution
		Debug|Any CPU = Debug|Any CPU
		Release|Any CPU = Release|Any CPU
	EndGlobalSection
	GlobalSection(ProjectConfigurationPlatforms) = postSolution
		{F23CDBDE-295D-4447-8114-55005BF0E6CF}.Debug|Any CPU.ActiveCfg = Debug|Any CPU
		{F23CDBDE-295D-4447-8114-55005BF0E6CF}.Debug|Any CPU.Build.0 = Debug|Any CPU
		{F23CDBDE-295D-4447-8114-55005BF0E6CF}.Release|Any CPU.ActiveCfg = Release|Any CPU
		{F23CDBDE-295D-4447-8114-55005BF0E6CF}.Release|Any CPU.Build.0 = Release|Any CPU
		{A10ACC2C-7A6C-4FDD-9A4C-DD8C3889B0F7}.Debug|Any CPU.ActiveCfg = Debug|Any CPU
		{A10ACC2C-7A6C-4FDD-9A4C-DD8C3889B0F7}.Debug|Any CPU.Build.0 = Debug|Any CPU
		{A10ACC2C-7A6C-4FDD-9A4C-DD8C3889B0F7}.Release|Any CPU.ActiveCfg = Release|Any CPU
		{A10ACC2C-7A6C-4FDD-9A4C-DD8C3889B0F7}.Release|Any CPU.Build.0 = Release|Any CPU
	EndGlobalSection
	GlobalSection(SolutionProperties) = preSolution
		HideSolutionNode = FALSE
	EndGlobalSection
	GlobalSection(ExtensibilityGlobals) = postSolution
		SolutionGuid = {D702ED56-6369-4E09-9550-ECF57E2B5DEA}
	EndGlobalSection
EndGlobal
